// !$*UTF8*$!
{
	archiveVersion = 1;
	classes = {
	};
	objectVersion = 46;
	objects = {

/* Begin PBXBuildFile section */
		B239FDAB1AE2072400948AFB /* main.m in Sources */ = {isa = PBXBuildFile; fileRef = B239FDAA1AE2072400948AFB /* main.m */; };
		B239FDAE1AE2072400948AFB /* AppDelegate.m in Sources */ = {isa = PBXBuildFile; fileRef = B239FDAD1AE2072400948AFB /* AppDelegate.m */; };
		B239FDB01AE2072400948AFB /* Images.xcassets in Resources */ = {isa = PBXBuildFile; fileRef = B239FDAF1AE2072400948AFB /* Images.xcassets */; };
		B239FDB31AE2072400948AFB /* LaunchScreen.xib in Resources */ = {isa = PBXBuildFile; fileRef = B239FDB11AE2072400948AFB /* LaunchScreen.xib */; };
		B239FDDD1AE22E3E00948AFB /* UIColor+AddColor.m in Sources */ = {isa = PBXBuildFile; fileRef = B239FDDC1AE22E3E00948AFB /* UIColor+AddColor.m */; };
		B239FDED1AE24E5F00948AFB /* iconfont-lajiqingli.png in Resources */ = {isa = PBXBuildFile; fileRef = B239FDE41AE24E5F00948AFB /* iconfont-lajiqingli.png */; };
		B239FDEE1AE24E5F00948AFB /* iconfont-shezhichilun.png in Resources */ = {isa = PBXBuildFile; fileRef = B239FDE51AE24E5F00948AFB /* iconfont-shezhichilun.png */; };
		B239FDEF1AE24E5F00948AFB /* iconfont-yejian01.png in Resources */ = {isa = PBXBuildFile; fileRef = B239FDE61AE24E5F00948AFB /* iconfont-yejian01.png */; };
		B239FDF01AE24E5F00948AFB /* iconfont-yijianfankui.png in Resources */ = {isa = PBXBuildFile; fileRef = B239FDE71AE24E5F00948AFB /* iconfont-yijianfankui.png */; };
		B239FDF11AE24E5F00948AFB /* MainViewController.m in Sources */ = {isa = PBXBuildFile; fileRef = B239FDEC1AE24E5F00948AFB /* MainViewController.m */; };
		B239FDF41AE24E8500948AFB /* MainCollectionViewCell.m in Sources */ = {isa = PBXBuildFile; fileRef = B239FDF31AE24E8500948AFB /* MainCollectionViewCell.m */; };
		B239FDF61AE273F800948AFB /* icon@2x.png in Resources */ = {isa = PBXBuildFile; fileRef = B239FDF51AE273F800948AFB /* icon@2x.png */; };
		B239FE041AE27E2F00948AFB /* PhotoListViewController.m in Sources */ = {isa = PBXBuildFile; fileRef = B239FE031AE27E2F00948AFB /* PhotoListViewController.m */; };
		B239FE301AE28EE100948AFB /* PhotoCollectionViewCell.m in Sources */ = {isa = PBXBuildFile; fileRef = B239FE2F1AE28EE100948AFB /* PhotoCollectionViewCell.m */; };
		B27ABAE81AE4B4B400FC70FF /* QBAssetCollectionViewController.m in Sources */ = {isa = PBXBuildFile; fileRef = B27ABAD71AE4B4B400FC70FF /* QBAssetCollectionViewController.m */; settings = {COMPILER_FLAGS = "-fno-objc-arc"; }; };
		B27ABAE91AE4B4B400FC70FF /* QBImagePickerAssetCell.m in Sources */ = {isa = PBXBuildFile; fileRef = B27ABADA1AE4B4B400FC70FF /* QBImagePickerAssetCell.m */; settings = {COMPILER_FLAGS = "-fno-objc-arc"; }; };
		B27ABAEA1AE4B4B400FC70FF /* QBImagePickerAssetView.m in Sources */ = {isa = PBXBuildFile; fileRef = B27ABADD1AE4B4B400FC70FF /* QBImagePickerAssetView.m */; settings = {COMPILER_FLAGS = "-fno-objc-arc"; }; };
		B27ABAEB1AE4B4B400FC70FF /* QBImagePickerController.bundle in Resources */ = {isa = PBXBuildFile; fileRef = B27ABADF1AE4B4B400FC70FF /* QBImagePickerController.bundle */; };
		B27ABAEC1AE4B4B400FC70FF /* QBImagePickerController.m in Sources */ = {isa = PBXBuildFile; fileRef = B27ABAE11AE4B4B400FC70FF /* QBImagePickerController.m */; settings = {COMPILER_FLAGS = "-fno-objc-arc"; }; };
		B27ABAED1AE4B4B400FC70FF /* QBImagePickerFooterView.m in Sources */ = {isa = PBXBuildFile; fileRef = B27ABAE31AE4B4B400FC70FF /* QBImagePickerFooterView.m */; settings = {COMPILER_FLAGS = "-fno-objc-arc"; }; };
		B27ABAEE1AE4B4B400FC70FF /* QBImagePickerGroupCell.m in Sources */ = {isa = PBXBuildFile; fileRef = B27ABAE51AE4B4B400FC70FF /* QBImagePickerGroupCell.m */; settings = {COMPILER_FLAGS = "-fno-objc-arc"; }; };
		B27ABAEF1AE4B4B400FC70FF /* QBImagePickerVideoInfoView.m in Sources */ = {isa = PBXBuildFile; fileRef = B27ABAE71AE4B4B400FC70FF /* QBImagePickerVideoInfoView.m */; settings = {COMPILER_FLAGS = "-fno-objc-arc"; }; };
		B27ABAF41AE4CB1500FC70FF /* BigViewController.m in Sources */ = {isa = PBXBuildFile; fileRef = B27ABAF31AE4CB1500FC70FF /* BigViewController.m */; };
		B27ABAF61AE4D3C900FC70FF /* add.png in Resources */ = {isa = PBXBuildFile; fileRef = B27ABAF51AE4D3C900FC70FF /* add.png */; };
		B27ABAFA1AE4DF3800FC70FF /* zhanwei.png in Resources */ = {isa = PBXBuildFile; fileRef = B27ABAF91AE4DF3800FC70FF /* zhanwei.png */; };
		B27ABAFE1AE4E7F700FC70FF /* bgimage.png in Resources */ = {isa = PBXBuildFile; fileRef = B27ABAFD1AE4E7F700FC70FF /* bgimage.png */; };
		B27ABB021AE4F00500FC70FF /* delete-circular.png in Resources */ = {isa = PBXBuildFile; fileRef = B27ABB011AE4F00500FC70FF /* delete-circular.png */; };
		B27ABB0B1AE5408600FC70FF /* UIImage+ThumbImage.m in Sources */ = {isa = PBXBuildFile; fileRef = B27ABB0A1AE5408600FC70FF /* UIImage+ThumbImage.m */; };
		C21121931AE7801F002FEBC3 /* BigViewCollectionViewCell.m in Sources */ = {isa = PBXBuildFile; fileRef = C21121921AE7801F002FEBC3 /* BigViewCollectionViewCell.m */; };
		C211219B1AE78B47002FEBC3 /* RECommonFunctions.m in Sources */ = {isa = PBXBuildFile; fileRef = C21121961AE78B47002FEBC3 /* RECommonFunctions.m */; };
		C211219C1AE78B47002FEBC3 /* RESideMenu.m in Sources */ = {isa = PBXBuildFile; fileRef = C21121981AE78B47002FEBC3 /* RESideMenu.m */; };
		C211219D1AE78B47002FEBC3 /* UIViewController+RESideMenu.m in Sources */ = {isa = PBXBuildFile; fileRef = C211219A1AE78B47002FEBC3 /* UIViewController+RESideMenu.m */; };
		C21121A21AE78F28002FEBC3 /* Stars@2x.png in Resources */ = {isa = PBXBuildFile; fileRef = C21121A11AE78F28002FEBC3 /* Stars@2x.png */; };
		C21121A61AE79278002FEBC3 /* LeftMenuViewController.m in Sources */ = {isa = PBXBuildFile; fileRef = C21121A51AE79278002FEBC3 /* LeftMenuViewController.m */; };
		C22532C91AE7DCB0003EA5D4 /* iconfont-fanhui.png in Resources */ = {isa = PBXBuildFile; fileRef = C22532C81AE7DCB0003EA5D4 /* iconfont-fanhui.png */; };
		C233E1AB1AEA2899008CA9DB /* PwdViewController.m in Sources */ = {isa = PBXBuildFile; fileRef = C24B783D1AE8C81800A0799B /* PwdViewController.m */; };
		C233E1AC1AEA2899008CA9DB /* NumLockButton.m in Sources */ = {isa = PBXBuildFile; fileRef = C24B78531AE8E3F300A0799B /* NumLockButton.m */; };
		C233E1AD1AEA2899008CA9DB /* NumLockViewController.m in Sources */ = {isa = PBXBuildFile; fileRef = C24B78551AE8E3F300A0799B /* NumLockViewController.m */; };
		C233E1AE1AEA2899008CA9DB /* OnOffTableViewCell.m in Sources */ = {isa = PBXBuildFile; fileRef = C24B785A1AE910D500A0799B /* OnOffTableViewCell.m */; };
		C233E1AF1AEA2899008CA9DB /* LeftMenuViewController.m in Sources */ = {isa = PBXBuildFile; fileRef = C21121A51AE79278002FEBC3 /* LeftMenuViewController.m */; };
		C233E1B01AEA2899008CA9DB /* PhotoCollectionViewCell.m in Sources */ = {isa = PBXBuildFile; fileRef = B239FE2F1AE28EE100948AFB /* PhotoCollectionViewCell.m */; };
		C233E1B11AEA2899008CA9DB /* BigViewCollectionViewCell.m in Sources */ = {isa = PBXBuildFile; fileRef = C21121921AE7801F002FEBC3 /* BigViewCollectionViewCell.m */; };
		C233E1B21AEA2899008CA9DB /* MainCollectionViewCell.m in Sources */ = {isa = PBXBuildFile; fileRef = B239FDF31AE24E8500948AFB /* MainCollectionViewCell.m */; };
		C233E1B31AEA2899008CA9DB /* MainViewController.m in Sources */ = {isa = PBXBuildFile; fileRef = B239FDEC1AE24E5F00948AFB /* MainViewController.m */; };
		C233E1B91AEA2899008CA9DB /* UCZProgressView.m in Sources */ = {isa = PBXBuildFile; fileRef = C24B782D1AE882AF00A0799B /* UCZProgressView.m */; };
		C233E1BA1AEA2899008CA9DB /* RECommonFunctions.m in Sources */ = {isa = PBXBuildFile; fileRef = C21121961AE78B47002FEBC3 /* RECommonFunctions.m */; };
		C233E1BB1AEA2899008CA9DB /* RESideMenu.m in Sources */ = {isa = PBXBuildFile; fileRef = C21121981AE78B47002FEBC3 /* RESideMenu.m */; };
		C233E1BC1AEA2899008CA9DB /* UIViewController+RESideMenu.m in Sources */ = {isa = PBXBuildFile; fileRef = C211219A1AE78B47002FEBC3 /* UIViewController+RESideMenu.m */; };
		C233E1BD1AEA2899008CA9DB /* QBAssetCollectionViewController.m in Sources */ = {isa = PBXBuildFile; fileRef = B27ABAD71AE4B4B400FC70FF /* QBAssetCollectionViewController.m */; settings = {COMPILER_FLAGS = "-fno-objc-arc"; }; };
		C233E1BE1AEA2899008CA9DB /* QBImagePickerAssetCell.m in Sources */ = {isa = PBXBuildFile; fileRef = B27ABADA1AE4B4B400FC70FF /* QBImagePickerAssetCell.m */; settings = {COMPILER_FLAGS = "-fno-objc-arc"; }; };
		C233E1BF1AEA2899008CA9DB /* QBImagePickerAssetView.m in Sources */ = {isa = PBXBuildFile; fileRef = B27ABADD1AE4B4B400FC70FF /* QBImagePickerAssetView.m */; settings = {COMPILER_FLAGS = "-fno-objc-arc"; }; };
		C233E1C01AEA2899008CA9DB /* QBImagePickerController.m in Sources */ = {isa = PBXBuildFile; fileRef = B27ABAE11AE4B4B400FC70FF /* QBImagePickerController.m */; settings = {COMPILER_FLAGS = "-fno-objc-arc"; }; };
		C233E1C11AEA2899008CA9DB /* QBImagePickerFooterView.m in Sources */ = {isa = PBXBuildFile; fileRef = B27ABAE31AE4B4B400FC70FF /* QBImagePickerFooterView.m */; settings = {COMPILER_FLAGS = "-fno-objc-arc"; }; };
		C233E1C21AEA2899008CA9DB /* QBImagePickerGroupCell.m in Sources */ = {isa = PBXBuildFile; fileRef = B27ABAE51AE4B4B400FC70FF /* QBImagePickerGroupCell.m */; settings = {COMPILER_FLAGS = "-fno-objc-arc"; }; };
		C233E1C31AEA2899008CA9DB /* QBImagePickerVideoInfoView.m in Sources */ = {isa = PBXBuildFile; fileRef = B27ABAE71AE4B4B400FC70FF /* QBImagePickerVideoInfoView.m */; settings = {COMPILER_FLAGS = "-fno-objc-arc"; }; };
		C233E1C41AEA2899008CA9DB /* UIColor+AddColor.m in Sources */ = {isa = PBXBuildFile; fileRef = B239FDDC1AE22E3E00948AFB /* UIColor+AddColor.m */; };
		C233E1C51AEA2899008CA9DB /* UIImage+ThumbImage.m in Sources */ = {isa = PBXBuildFile; fileRef = B27ABB0A1AE5408600FC70FF /* UIImage+ThumbImage.m */; };
		C233E1C61AEA2899008CA9DB /* AppDelegate.m in Sources */ = {isa = PBXBuildFile; fileRef = B239FDAD1AE2072400948AFB /* AppDelegate.m */; };
		C233E1C71AEA291C008CA9DB /* PrefixHeader.pch in Sources */ = {isa = PBXBuildFile; fileRef = B239FDC81AE2080100948AFB /* PrefixHeader.pch */; };
		C233E2351AEA3212008CA9DB /* LLLockIndicator.m in Sources */ = {isa = PBXBuildFile; fileRef = C233E22D1AEA3212008CA9DB /* LLLockIndicator.m */; };
		C233E2361AEA3212008CA9DB /* LLLockPassword.m in Sources */ = {isa = PBXBuildFile; fileRef = C233E22F1AEA3212008CA9DB /* LLLockPassword.m */; };
		C233E2371AEA3212008CA9DB /* LLLockView.m in Sources */ = {isa = PBXBuildFile; fileRef = C233E2311AEA3212008CA9DB /* LLLockView.m */; };
		C233E2471AEA3AF9008CA9DB /* circle_indecator.pdf in Resources */ = {isa = PBXBuildFile; fileRef = C233E23C1AEA3AF9008CA9DB /* circle_indecator.pdf */; };
		C233E2481AEA3AF9008CA9DB /* Contents.json in Resources */ = {isa = PBXBuildFile; fileRef = C233E23D1AEA3AF9008CA9DB /* Contents.json */; };
		C233E2491AEA3AF9008CA9DB /* circle_normal.pdf in Resources */ = {isa = PBXBuildFile; fileRef = C233E23F1AEA3AF9008CA9DB /* circle_normal.pdf */; };
		C233E24A1AEA3AF9008CA9DB /* Contents.json in Resources */ = {isa = PBXBuildFile; fileRef = C233E2401AEA3AF9008CA9DB /* Contents.json */; };
		C233E24B1AEA3AF9008CA9DB /* circle_selected.pdf in Resources */ = {isa = PBXBuildFile; fileRef = C233E2421AEA3AF9008CA9DB /* circle_selected.pdf */; };
		C233E24C1AEA3AF9008CA9DB /* Contents.json in Resources */ = {isa = PBXBuildFile; fileRef = C233E2431AEA3AF9008CA9DB /* Contents.json */; };
		C233E24D1AEA3AF9008CA9DB /* circle_wrong.pdf in Resources */ = {isa = PBXBuildFile; fileRef = C233E2451AEA3AF9008CA9DB /* circle_wrong.pdf */; };
		C233E24E1AEA3AF9008CA9DB /* Contents.json in Resources */ = {isa = PBXBuildFile; fileRef = C233E2461AEA3AF9008CA9DB /* Contents.json */; };
		C233E2521AEA49EA008CA9DB /* settingPwdViewController.m in Sources */ = {isa = PBXBuildFile; fileRef = C233E2511AEA49EA008CA9DB /* settingPwdViewController.m */; };
		C233E2541AEA6221008CA9DB /* LocalAuthentication.framework in Frameworks */ = {isa = PBXBuildFile; fileRef = C233E2531AEA6221008CA9DB /* LocalAuthentication.framework */; };
		C233E25E1AEA7DE2008CA9DB /* LLockViewController.m in Sources */ = {isa = PBXBuildFile; fileRef = C233E25D1AEA7DE2008CA9DB /* LLockViewController.m */; };
		C24B782E1AE882AF00A0799B /* UCZProgressView.m in Sources */ = {isa = PBXBuildFile; fileRef = C24B782D1AE882AF00A0799B /* UCZProgressView.m */; };
		C24B78301AE8845300A0799B /* iconfont-plus.png in Resources */ = {isa = PBXBuildFile; fileRef = C24B782F1AE8845300A0799B /* iconfont-plus.png */; };
		C24B78321AE8845900A0799B /* iconfont-minus.png in Resources */ = {isa = PBXBuildFile; fileRef = C24B78311AE8845900A0799B /* iconfont-minus.png */; };
		C24B78341AE885F000A0799B /* iconfont-jiahao.png in Resources */ = {isa = PBXBuildFile; fileRef = C24B78331AE885F000A0799B /* iconfont-jiahao.png */; };
		C24B78361AE8861600A0799B /* iconfont-jianhao.png in Resources */ = {isa = PBXBuildFile; fileRef = C24B78351AE8861600A0799B /* iconfont-jianhao.png */; };
		C24B783A1AE88AE700A0799B /* iconfont-duihao.png in Resources */ = {isa = PBXBuildFile; fileRef = C24B78391AE88AE700A0799B /* iconfont-duihao.png */; };
		C24B783E1AE8C81800A0799B /* PwdViewController.m in Sources */ = {isa = PBXBuildFile; fileRef = C24B783D1AE8C81800A0799B /* PwdViewController.m */; };
		C24B784A1AE8CD7800A0799B /* drop.png in Resources */ = {isa = PBXBuildFile; fileRef = C24B78481AE8CD7800A0799B /* drop.png */; };
		C24B784B1AE8CD7800A0799B /* drop_selected.png in Resources */ = {isa = PBXBuildFile; fileRef = C24B78491AE8CD7800A0799B /* drop_selected.png */; };
		C24B784D1AE8CD7E00A0799B /* wodehuodong.png in Resources */ = {isa = PBXBuildFile; fileRef = C24B784C1AE8CD7E00A0799B /* wodehuodong.png */; };
		C24B78511AE8E1A700A0799B /* PwdCollectionViewCell.m in Sources */ = {isa = PBXBuildFile; fileRef = C24B78501AE8E1A700A0799B /* PwdCollectionViewCell.m */; };
		C24B78561AE8E3F300A0799B /* NumLockButton.m in Sources */ = {isa = PBXBuildFile; fileRef = C24B78531AE8E3F300A0799B /* NumLockButton.m */; };
		C24B78571AE8E3F300A0799B /* NumLockViewController.m in Sources */ = {isa = PBXBuildFile; fileRef = C24B78551AE8E3F300A0799B /* NumLockViewController.m */; };
		C24B785B1AE910D500A0799B /* OnOffTableViewCell.m in Sources */ = {isa = PBXBuildFile; fileRef = C24B785A1AE910D500A0799B /* OnOffTableViewCell.m */; };
		C250C4761AED0C54007A2EB7 /* VIPhotoView.m in Sources */ = {isa = PBXBuildFile; fileRef = C250C4751AED0C54007A2EB7 /* VIPhotoView.m */; };
		C25F1A271AEE2D5F00EB0D28 /* iconttt.png in Resources */ = {isa = PBXBuildFile; fileRef = C25F1A261AEE2D5F00EB0D28 /* iconttt.png */; };
		C25F1A2D1AEE5E5200EB0D28 /* list_blank.png in Resources */ = {isa = PBXBuildFile; fileRef = C25F1A2C1AEE5E5200EB0D28 /* list_blank.png */; };
		C25F1A301AEE6A3300EB0D28 /* MoreViewController.m in Sources */ = {isa = PBXBuildFile; fileRef = C25F1A2F1AEE6A3300EB0D28 /* MoreViewController.m */; };
		C25F1A331AEE6D3C00EB0D28 /* MoreTableViewCell.m in Sources */ = {isa = PBXBuildFile; fileRef = C25F1A321AEE6D3C00EB0D28 /* MoreTableViewCell.m */; };
/* End PBXBuildFile section */

/* Begin PBXContainerItemProxy section */
		B239FDB91AE2072400948AFB /* PBXContainerItemProxy */ = {
			isa = PBXContainerItemProxy;
			containerPortal = B239FD9D1AE2072400948AFB /* Project object */;
			proxyType = 1;
			remoteGlobalIDString = B239FDA41AE2072400948AFB;
			remoteInfo = PrivacyPhotos;
		};
/* End PBXContainerItemProxy section */

/* Begin PBXFileReference section */
		B239FDA51AE2072400948AFB /* PrivacyPhotos.app */ = {isa = PBXFileReference; explicitFileType = wrapper.application; includeInIndex = 0; path = PrivacyPhotos.app; sourceTree = BUILT_PRODUCTS_DIR; };
		B239FDA91AE2072400948AFB /* Info.plist */ = {isa = PBXFileReference; lastKnownFileType = text.plist.xml; path = Info.plist; sourceTree = "<group>"; };
		B239FDAA1AE2072400948AFB /* main.m */ = {isa = PBXFileReference; lastKnownFileType = sourcecode.c.objc; path = main.m; sourceTree = "<group>"; };
		B239FDAC1AE2072400948AFB /* AppDelegate.h */ = {isa = PBXFileReference; lastKnownFileType = sourcecode.c.h; path = AppDelegate.h; sourceTree = "<group>"; };
		B239FDAD1AE2072400948AFB /* AppDelegate.m */ = {isa = PBXFileReference; lastKnownFileType = sourcecode.c.objc; path = AppDelegate.m; sourceTree = "<group>"; };
		B239FDAF1AE2072400948AFB /* Images.xcassets */ = {isa = PBXFileReference; lastKnownFileType = folder.assetcatalog; path = Images.xcassets; sourceTree = "<group>"; };
		B239FDB21AE2072400948AFB /* Base */ = {isa = PBXFileReference; lastKnownFileType = file.xib; name = Base; path = Base.lproj/LaunchScreen.xib; sourceTree = "<group>"; };
		B239FDB81AE2072400948AFB /* PrivacyPhotosTests.xctest */ = {isa = PBXFileReference; explicitFileType = wrapper.cfbundle; includeInIndex = 0; path = PrivacyPhotosTests.xctest; sourceTree = BUILT_PRODUCTS_DIR; };
		B239FDBD1AE2072400948AFB /* Info.plist */ = {isa = PBXFileReference; lastKnownFileType = text.plist.xml; path = Info.plist; sourceTree = "<group>"; };
		B239FDBE1AE2072400948AFB /* PrivacyPhotosTests.m */ = {isa = PBXFileReference; lastKnownFileType = sourcecode.c.objc; path = PrivacyPhotosTests.m; sourceTree = "<group>"; };
		B239FDC81AE2080100948AFB /* PrefixHeader.pch */ = {isa = PBXFileReference; lastKnownFileType = sourcecode.c.h; path = PrefixHeader.pch; sourceTree = "<group>"; };
		B239FDDB1AE22E3E00948AFB /* UIColor+AddColor.h */ = {isa = PBXFileReference; fileEncoding = 4; lastKnownFileType = sourcecode.c.h; path = "UIColor+AddColor.h"; sourceTree = "<group>"; };
		B239FDDC1AE22E3E00948AFB /* UIColor+AddColor.m */ = {isa = PBXFileReference; fileEncoding = 4; lastKnownFileType = sourcecode.c.objc; path = "UIColor+AddColor.m"; sourceTree = "<group>"; };
		B239FDE41AE24E5F00948AFB /* iconfont-lajiqingli.png */ = {isa = PBXFileReference; lastKnownFileType = image.png; path = "iconfont-lajiqingli.png"; sourceTree = "<group>"; };
		B239FDE51AE24E5F00948AFB /* iconfont-shezhichilun.png */ = {isa = PBXFileReference; lastKnownFileType = image.png; path = "iconfont-shezhichilun.png"; sourceTree = "<group>"; };
		B239FDE61AE24E5F00948AFB /* iconfont-yejian01.png */ = {isa = PBXFileReference; lastKnownFileType = image.png; path = "iconfont-yejian01.png"; sourceTree = "<group>"; };
		B239FDE71AE24E5F00948AFB /* iconfont-yijianfankui.png */ = {isa = PBXFileReference; lastKnownFileType = image.png; path = "iconfont-yijianfankui.png"; sourceTree = "<group>"; };
		B239FDEB1AE24E5F00948AFB /* MainViewController.h */ = {isa = PBXFileReference; fileEncoding = 4; lastKnownFileType = sourcecode.c.h; path = MainViewController.h; sourceTree = "<group>"; };
		B239FDEC1AE24E5F00948AFB /* MainViewController.m */ = {isa = PBXFileReference; fileEncoding = 4; lastKnownFileType = sourcecode.c.objc; path = MainViewController.m; sourceTree = "<group>"; };
		B239FDF21AE24E8500948AFB /* MainCollectionViewCell.h */ = {isa = PBXFileReference; fileEncoding = 4; lastKnownFileType = sourcecode.c.h; path = MainCollectionViewCell.h; sourceTree = "<group>"; };
		B239FDF31AE24E8500948AFB /* MainCollectionViewCell.m */ = {isa = PBXFileReference; fileEncoding = 4; lastKnownFileType = sourcecode.c.objc; path = MainCollectionViewCell.m; sourceTree = "<group>"; };
		B239FDF51AE273F800948AFB /* icon@2x.png */ = {isa = PBXFileReference; lastKnownFileType = image.png; path = "icon@2x.png"; sourceTree = "<group>"; };
		B239FE021AE27E2F00948AFB /* PhotoListViewController.h */ = {isa = PBXFileReference; fileEncoding = 4; lastKnownFileType = sourcecode.c.h; path = PhotoListViewController.h; sourceTree = "<group>"; };
		B239FE031AE27E2F00948AFB /* PhotoListViewController.m */ = {isa = PBXFileReference; fileEncoding = 4; lastKnownFileType = sourcecode.c.objc; path = PhotoListViewController.m; sourceTree = "<group>"; };
		B239FE2E1AE28EE100948AFB /* PhotoCollectionViewCell.h */ = {isa = PBXFileReference; fileEncoding = 4; lastKnownFileType = sourcecode.c.h; path = PhotoCollectionViewCell.h; sourceTree = "<group>"; };
		B239FE2F1AE28EE100948AFB /* PhotoCollectionViewCell.m */ = {isa = PBXFileReference; fileEncoding = 4; lastKnownFileType = sourcecode.c.objc; path = PhotoCollectionViewCell.m; sourceTree = "<group>"; };
		B27ABAD61AE4B4B400FC70FF /* QBAssetCollectionViewController.h */ = {isa = PBXFileReference; fileEncoding = 4; lastKnownFileType = sourcecode.c.h; path = QBAssetCollectionViewController.h; sourceTree = "<group>"; };
		B27ABAD71AE4B4B400FC70FF /* QBAssetCollectionViewController.m */ = {isa = PBXFileReference; fileEncoding = 4; lastKnownFileType = sourcecode.c.objc; path = QBAssetCollectionViewController.m; sourceTree = "<group>"; };
		B27ABAD81AE4B4B400FC70FF /* QBAssetCollectionViewControllerDelegate.h */ = {isa = PBXFileReference; fileEncoding = 4; lastKnownFileType = sourcecode.c.h; path = QBAssetCollectionViewControllerDelegate.h; sourceTree = "<group>"; };
		B27ABAD91AE4B4B400FC70FF /* QBImagePickerAssetCell.h */ = {isa = PBXFileReference; fileEncoding = 4; lastKnownFileType = sourcecode.c.h; path = QBImagePickerAssetCell.h; sourceTree = "<group>"; };
		B27ABADA1AE4B4B400FC70FF /* QBImagePickerAssetCell.m */ = {isa = PBXFileReference; fileEncoding = 4; lastKnownFileType = sourcecode.c.objc; path = QBImagePickerAssetCell.m; sourceTree = "<group>"; };
		B27ABADB1AE4B4B400FC70FF /* QBImagePickerAssetCellDelegate.h */ = {isa = PBXFileReference; fileEncoding = 4; lastKnownFileType = sourcecode.c.h; path = QBImagePickerAssetCellDelegate.h; sourceTree = "<group>"; };
		B27ABADC1AE4B4B400FC70FF /* QBImagePickerAssetView.h */ = {isa = PBXFileReference; fileEncoding = 4; lastKnownFileType = sourcecode.c.h; path = QBImagePickerAssetView.h; sourceTree = "<group>"; };
		B27ABADD1AE4B4B400FC70FF /* QBImagePickerAssetView.m */ = {isa = PBXFileReference; fileEncoding = 4; lastKnownFileType = sourcecode.c.objc; path = QBImagePickerAssetView.m; sourceTree = "<group>"; };
		B27ABADE1AE4B4B400FC70FF /* QBImagePickerAssetViewDelegate.h */ = {isa = PBXFileReference; fileEncoding = 4; lastKnownFileType = sourcecode.c.h; path = QBImagePickerAssetViewDelegate.h; sourceTree = "<group>"; };
		B27ABADF1AE4B4B400FC70FF /* QBImagePickerController.bundle */ = {isa = PBXFileReference; lastKnownFileType = "wrapper.plug-in"; path = QBImagePickerController.bundle; sourceTree = "<group>"; };
		B27ABAE01AE4B4B400FC70FF /* QBImagePickerController.h */ = {isa = PBXFileReference; fileEncoding = 4; lastKnownFileType = sourcecode.c.h; path = QBImagePickerController.h; sourceTree = "<group>"; };
		B27ABAE11AE4B4B400FC70FF /* QBImagePickerController.m */ = {isa = PBXFileReference; fileEncoding = 4; lastKnownFileType = sourcecode.c.objc; path = QBImagePickerController.m; sourceTree = "<group>"; };
		B27ABAE21AE4B4B400FC70FF /* QBImagePickerFooterView.h */ = {isa = PBXFileReference; fileEncoding = 4; lastKnownFileType = sourcecode.c.h; path = QBImagePickerFooterView.h; sourceTree = "<group>"; };
		B27ABAE31AE4B4B400FC70FF /* QBImagePickerFooterView.m */ = {isa = PBXFileReference; fileEncoding = 4; lastKnownFileType = sourcecode.c.objc; path = QBImagePickerFooterView.m; sourceTree = "<group>"; };
		B27ABAE41AE4B4B400FC70FF /* QBImagePickerGroupCell.h */ = {isa = PBXFileReference; fileEncoding = 4; lastKnownFileType = sourcecode.c.h; path = QBImagePickerGroupCell.h; sourceTree = "<group>"; };
		B27ABAE51AE4B4B400FC70FF /* QBImagePickerGroupCell.m */ = {isa = PBXFileReference; fileEncoding = 4; lastKnownFileType = sourcecode.c.objc; path = QBImagePickerGroupCell.m; sourceTree = "<group>"; };
		B27ABAE61AE4B4B400FC70FF /* QBImagePickerVideoInfoView.h */ = {isa = PBXFileReference; fileEncoding = 4; lastKnownFileType = sourcecode.c.h; path = QBImagePickerVideoInfoView.h; sourceTree = "<group>"; };
		B27ABAE71AE4B4B400FC70FF /* QBImagePickerVideoInfoView.m */ = {isa = PBXFileReference; fileEncoding = 4; lastKnownFileType = sourcecode.c.objc; path = QBImagePickerVideoInfoView.m; sourceTree = "<group>"; };
		B27ABAF21AE4CB1500FC70FF /* BigViewController.h */ = {isa = PBXFileReference; fileEncoding = 4; lastKnownFileType = sourcecode.c.h; path = BigViewController.h; sourceTree = "<group>"; };
		B27ABAF31AE4CB1500FC70FF /* BigViewController.m */ = {isa = PBXFileReference; fileEncoding = 4; lastKnownFileType = sourcecode.c.objc; path = BigViewController.m; sourceTree = "<group>"; };
		B27ABAF51AE4D3C900FC70FF /* add.png */ = {isa = PBXFileReference; lastKnownFileType = image.png; path = add.png; sourceTree = "<group>"; };
		B27ABAF91AE4DF3800FC70FF /* zhanwei.png */ = {isa = PBXFileReference; lastKnownFileType = image.png; path = zhanwei.png; sourceTree = "<group>"; };
		B27ABAFD1AE4E7F700FC70FF /* bgimage.png */ = {isa = PBXFileReference; lastKnownFileType = image.png; path = bgimage.png; sourceTree = "<group>"; };
		B27ABB011AE4F00500FC70FF /* delete-circular.png */ = {isa = PBXFileReference; lastKnownFileType = image.png; path = "delete-circular.png"; sourceTree = "<group>"; };
		B27ABB091AE5408600FC70FF /* UIImage+ThumbImage.h */ = {isa = PBXFileReference; fileEncoding = 4; lastKnownFileType = sourcecode.c.h; path = "UIImage+ThumbImage.h"; sourceTree = "<group>"; };
		B27ABB0A1AE5408600FC70FF /* UIImage+ThumbImage.m */ = {isa = PBXFileReference; fileEncoding = 4; lastKnownFileType = sourcecode.c.objc; path = "UIImage+ThumbImage.m"; sourceTree = "<group>"; };
		C21121911AE7801F002FEBC3 /* BigViewCollectionViewCell.h */ = {isa = PBXFileReference; fileEncoding = 4; lastKnownFileType = sourcecode.c.h; path = BigViewCollectionViewCell.h; sourceTree = "<group>"; };
		C21121921AE7801F002FEBC3 /* BigViewCollectionViewCell.m */ = {isa = PBXFileReference; fileEncoding = 4; lastKnownFileType = sourcecode.c.objc; path = BigViewCollectionViewCell.m; sourceTree = "<group>"; };
		C21121951AE78B47002FEBC3 /* RECommonFunctions.h */ = {isa = PBXFileReference; fileEncoding = 4; lastKnownFileType = sourcecode.c.h; path = RECommonFunctions.h; sourceTree = "<group>"; };
		C21121961AE78B47002FEBC3 /* RECommonFunctions.m */ = {isa = PBXFileReference; fileEncoding = 4; lastKnownFileType = sourcecode.c.objc; path = RECommonFunctions.m; sourceTree = "<group>"; };
		C21121971AE78B47002FEBC3 /* RESideMenu.h */ = {isa = PBXFileReference; fileEncoding = 4; lastKnownFileType = sourcecode.c.h; path = RESideMenu.h; sourceTree = "<group>"; };
		C21121981AE78B47002FEBC3 /* RESideMenu.m */ = {isa = PBXFileReference; fileEncoding = 4; lastKnownFileType = sourcecode.c.objc; path = RESideMenu.m; sourceTree = "<group>"; };
		C21121991AE78B47002FEBC3 /* UIViewController+RESideMenu.h */ = {isa = PBXFileReference; fileEncoding = 4; lastKnownFileType = sourcecode.c.h; path = "UIViewController+RESideMenu.h"; sourceTree = "<group>"; };
		C211219A1AE78B47002FEBC3 /* UIViewController+RESideMenu.m */ = {isa = PBXFileReference; fileEncoding = 4; lastKnownFileType = sourcecode.c.objc; path = "UIViewController+RESideMenu.m"; sourceTree = "<group>"; };
		C21121A11AE78F28002FEBC3 /* Stars@2x.png */ = {isa = PBXFileReference; lastKnownFileType = image.png; path = "Stars@2x.png"; sourceTree = "<group>"; };
		C21121A41AE79278002FEBC3 /* LeftMenuViewController.h */ = {isa = PBXFileReference; fileEncoding = 4; lastKnownFileType = sourcecode.c.h; path = LeftMenuViewController.h; sourceTree = "<group>"; };
		C21121A51AE79278002FEBC3 /* LeftMenuViewController.m */ = {isa = PBXFileReference; fileEncoding = 4; lastKnownFileType = sourcecode.c.objc; path = LeftMenuViewController.m; sourceTree = "<group>"; };
		C22532C81AE7DCB0003EA5D4 /* iconfont-fanhui.png */ = {isa = PBXFileReference; lastKnownFileType = image.png; path = "iconfont-fanhui.png"; sourceTree = "<group>"; };
		C233E22B1AEA3212008CA9DB /* LLLockConfig.h */ = {isa = PBXFileReference; fileEncoding = 4; lastKnownFileType = sourcecode.c.h; path = LLLockConfig.h; sourceTree = "<group>"; };
		C233E22C1AEA3212008CA9DB /* LLLockIndicator.h */ = {isa = PBXFileReference; fileEncoding = 4; lastKnownFileType = sourcecode.c.h; path = LLLockIndicator.h; sourceTree = "<group>"; };
		C233E22D1AEA3212008CA9DB /* LLLockIndicator.m */ = {isa = PBXFileReference; fileEncoding = 4; lastKnownFileType = sourcecode.c.objc; path = LLLockIndicator.m; sourceTree = "<group>"; };
		C233E22E1AEA3212008CA9DB /* LLLockPassword.h */ = {isa = PBXFileReference; fileEncoding = 4; lastKnownFileType = sourcecode.c.h; path = LLLockPassword.h; sourceTree = "<group>"; };
		C233E22F1AEA3212008CA9DB /* LLLockPassword.m */ = {isa = PBXFileReference; fileEncoding = 4; lastKnownFileType = sourcecode.c.objc; path = LLLockPassword.m; sourceTree = "<group>"; };
		C233E2301AEA3212008CA9DB /* LLLockView.h */ = {isa = PBXFileReference; fileEncoding = 4; lastKnownFileType = sourcecode.c.h; path = LLLockView.h; sourceTree = "<group>"; };
		C233E2311AEA3212008CA9DB /* LLLockView.m */ = {isa = PBXFileReference; fileEncoding = 4; lastKnownFileType = sourcecode.c.objc; path = LLLockView.m; sourceTree = "<group>"; };
		C233E23C1AEA3AF9008CA9DB /* circle_indecator.pdf */ = {isa = PBXFileReference; lastKnownFileType = image.pdf; path = circle_indecator.pdf; sourceTree = "<group>"; };
		C233E23D1AEA3AF9008CA9DB /* Contents.json */ = {isa = PBXFileReference; fileEncoding = 4; lastKnownFileType = text.json; path = Contents.json; sourceTree = "<group>"; };
		C233E23F1AEA3AF9008CA9DB /* circle_normal.pdf */ = {isa = PBXFileReference; lastKnownFileType = image.pdf; path = circle_normal.pdf; sourceTree = "<group>"; };
		C233E2401AEA3AF9008CA9DB /* Contents.json */ = {isa = PBXFileReference; fileEncoding = 4; lastKnownFileType = text.json; path = Contents.json; sourceTree = "<group>"; };
		C233E2421AEA3AF9008CA9DB /* circle_selected.pdf */ = {isa = PBXFileReference; lastKnownFileType = image.pdf; path = circle_selected.pdf; sourceTree = "<group>"; };
		C233E2431AEA3AF9008CA9DB /* Contents.json */ = {isa = PBXFileReference; fileEncoding = 4; lastKnownFileType = text.json; path = Contents.json; sourceTree = "<group>"; };
		C233E2451AEA3AF9008CA9DB /* circle_wrong.pdf */ = {isa = PBXFileReference; lastKnownFileType = image.pdf; path = circle_wrong.pdf; sourceTree = "<group>"; };
		C233E2461AEA3AF9008CA9DB /* Contents.json */ = {isa = PBXFileReference; fileEncoding = 4; lastKnownFileType = text.json; path = Contents.json; sourceTree = "<group>"; };
		C233E2501AEA49EA008CA9DB /* settingPwdViewController.h */ = {isa = PBXFileReference; fileEncoding = 4; lastKnownFileType = sourcecode.c.h; path = settingPwdViewController.h; sourceTree = "<group>"; };
		C233E2511AEA49EA008CA9DB /* settingPwdViewController.m */ = {isa = PBXFileReference; fileEncoding = 4; lastKnownFileType = sourcecode.c.objc; path = settingPwdViewController.m; sourceTree = "<group>"; };
		C233E2531AEA6221008CA9DB /* LocalAuthentication.framework */ = {isa = PBXFileReference; lastKnownFileType = wrapper.framework; name = LocalAuthentication.framework; path = System/Library/Frameworks/LocalAuthentication.framework; sourceTree = SDKROOT; };
		C233E25C1AEA7DE2008CA9DB /* LLockViewController.h */ = {isa = PBXFileReference; fileEncoding = 4; lastKnownFileType = sourcecode.c.h; path = LLockViewController.h; sourceTree = "<group>"; };
		C233E25D1AEA7DE2008CA9DB /* LLockViewController.m */ = {isa = PBXFileReference; fileEncoding = 4; lastKnownFileType = sourcecode.c.objc; path = LLockViewController.m; sourceTree = "<group>"; };
		C24B782C1AE882AF00A0799B /* UCZProgressView.h */ = {isa = PBXFileReference; fileEncoding = 4; lastKnownFileType = sourcecode.c.h; path = UCZProgressView.h; sourceTree = "<group>"; };
		C24B782D1AE882AF00A0799B /* UCZProgressView.m */ = {isa = PBXFileReference; fileEncoding = 4; lastKnownFileType = sourcecode.c.objc; path = UCZProgressView.m; sourceTree = "<group>"; };
		C24B782F1AE8845300A0799B /* iconfont-plus.png */ = {isa = PBXFileReference; lastKnownFileType = image.png; path = "iconfont-plus.png"; sourceTree = "<group>"; };
		C24B78311AE8845900A0799B /* iconfont-minus.png */ = {isa = PBXFileReference; lastKnownFileType = image.png; path = "iconfont-minus.png"; sourceTree = "<group>"; };
		C24B78331AE885F000A0799B /* iconfont-jiahao.png */ = {isa = PBXFileReference; lastKnownFileType = image.png; path = "iconfont-jiahao.png"; sourceTree = "<group>"; };
		C24B78351AE8861600A0799B /* iconfont-jianhao.png */ = {isa = PBXFileReference; lastKnownFileType = image.png; path = "iconfont-jianhao.png"; sourceTree = "<group>"; };
		C24B78391AE88AE700A0799B /* iconfont-duihao.png */ = {isa = PBXFileReference; lastKnownFileType = image.png; path = "iconfont-duihao.png"; sourceTree = "<group>"; };
		C24B783C1AE8C81800A0799B /* PwdViewController.h */ = {isa = PBXFileReference; fileEncoding = 4; lastKnownFileType = sourcecode.c.h; path = PwdViewController.h; sourceTree = "<group>"; };
		C24B783D1AE8C81800A0799B /* PwdViewController.m */ = {isa = PBXFileReference; fileEncoding = 4; lastKnownFileType = sourcecode.c.objc; path = PwdViewController.m; sourceTree = "<group>"; };
		C24B78481AE8CD7800A0799B /* drop.png */ = {isa = PBXFileReference; lastKnownFileType = image.png; path = drop.png; sourceTree = "<group>"; };
		C24B78491AE8CD7800A0799B /* drop_selected.png */ = {isa = PBXFileReference; lastKnownFileType = image.png; path = drop_selected.png; sourceTree = "<group>"; };
		C24B784C1AE8CD7E00A0799B /* wodehuodong.png */ = {isa = PBXFileReference; lastKnownFileType = image.png; path = wodehuodong.png; sourceTree = "<group>"; };
		C24B784F1AE8E1A700A0799B /* PwdCollectionViewCell.h */ = {isa = PBXFileReference; fileEncoding = 4; lastKnownFileType = sourcecode.c.h; path = PwdCollectionViewCell.h; sourceTree = "<group>"; };
		C24B78501AE8E1A700A0799B /* PwdCollectionViewCell.m */ = {isa = PBXFileReference; fileEncoding = 4; lastKnownFileType = sourcecode.c.objc; path = PwdCollectionViewCell.m; sourceTree = "<group>"; };
		C24B78521AE8E3F300A0799B /* NumLockButton.h */ = {isa = PBXFileReference; fileEncoding = 4; lastKnownFileType = sourcecode.c.h; path = NumLockButton.h; sourceTree = "<group>"; };
		C24B78531AE8E3F300A0799B /* NumLockButton.m */ = {isa = PBXFileReference; fileEncoding = 4; lastKnownFileType = sourcecode.c.objc; path = NumLockButton.m; sourceTree = "<group>"; };
		C24B78541AE8E3F300A0799B /* NumLockViewController.h */ = {isa = PBXFileReference; fileEncoding = 4; lastKnownFileType = sourcecode.c.h; path = NumLockViewController.h; sourceTree = "<group>"; };
		C24B78551AE8E3F300A0799B /* NumLockViewController.m */ = {isa = PBXFileReference; fileEncoding = 4; lastKnownFileType = sourcecode.c.objc; path = NumLockViewController.m; sourceTree = "<group>"; };
		C24B78591AE910D500A0799B /* OnOffTableViewCell.h */ = {isa = PBXFileReference; fileEncoding = 4; lastKnownFileType = sourcecode.c.h; path = OnOffTableViewCell.h; sourceTree = "<group>"; };
		C24B785A1AE910D500A0799B /* OnOffTableViewCell.m */ = {isa = PBXFileReference; fileEncoding = 4; lastKnownFileType = sourcecode.c.objc; path = OnOffTableViewCell.m; sourceTree = "<group>"; };
		C250C4741AED0C54007A2EB7 /* VIPhotoView.h */ = {isa = PBXFileReference; fileEncoding = 4; lastKnownFileType = sourcecode.c.h; path = VIPhotoView.h; sourceTree = "<group>"; };
		C250C4751AED0C54007A2EB7 /* VIPhotoView.m */ = {isa = PBXFileReference; fileEncoding = 4; lastKnownFileType = sourcecode.c.objc; path = VIPhotoView.m; sourceTree = "<group>"; };
		C25F1A261AEE2D5F00EB0D28 /* iconttt.png */ = {isa = PBXFileReference; lastKnownFileType = image.png; path = iconttt.png; sourceTree = "<group>"; };
		C25F1A2C1AEE5E5200EB0D28 /* list_blank.png */ = {isa = PBXFileReference; lastKnownFileType = image.png; path = list_blank.png; sourceTree = "<group>"; };
		C25F1A2E1AEE6A3300EB0D28 /* MoreViewController.h */ = {isa = PBXFileReference; fileEncoding = 4; lastKnownFileType = sourcecode.c.h; path = MoreViewController.h; sourceTree = SOURCE_ROOT; };
		C25F1A2F1AEE6A3300EB0D28 /* MoreViewController.m */ = {isa = PBXFileReference; fileEncoding = 4; lastKnownFileType = sourcecode.c.objc; path = MoreViewController.m; sourceTree = SOURCE_ROOT; };
		C25F1A311AEE6D3C00EB0D28 /* MoreTableViewCell.h */ = {isa = PBXFileReference; fileEncoding = 4; lastKnownFileType = sourcecode.c.h; path = MoreTableViewCell.h; sourceTree = SOURCE_ROOT; };
		C25F1A321AEE6D3C00EB0D28 /* MoreTableViewCell.m */ = {isa = PBXFileReference; fileEncoding = 4; lastKnownFileType = sourcecode.c.objc; path = MoreTableViewCell.m; sourceTree = SOURCE_ROOT; };
/* End PBXFileReference section */

/* Begin PBXFrameworksBuildPhase section */
		B239FDA21AE2072400948AFB /* Frameworks */ = {
			isa = PBXFrameworksBuildPhase;
			buildActionMask = 2147483647;
			files = (
				C233E2541AEA6221008CA9DB /* LocalAuthentication.framework in Frameworks */,
			);
			runOnlyForDeploymentPostprocessing = 0;
		};
		B239FDB51AE2072400948AFB /* Frameworks */ = {
			isa = PBXFrameworksBuildPhase;
			buildActionMask = 2147483647;
			files = (
			);
			runOnlyForDeploymentPostprocessing = 0;
		};
/* End PBXFrameworksBuildPhase section */

/* Begin PBXGroup section */
		B239FD9C1AE2072400948AFB = {
			isa = PBXGroup;
			children = (
				C233E2531AEA6221008CA9DB /* LocalAuthentication.framework */,
				B239FDA71AE2072400948AFB /* PrivacyPhotos */,
				B239FDBB1AE2072400948AFB /* PrivacyPhotosTests */,
				B239FDA61AE2072400948AFB /* Products */,
			);
			sourceTree = "<group>";
		};
		B239FDA61AE2072400948AFB /* Products */ = {
			isa = PBXGroup;
			children = (
				B239FDA51AE2072400948AFB /* PrivacyPhotos.app */,
				B239FDB81AE2072400948AFB /* PrivacyPhotosTests.xctest */,
			);
			name = Products;
			sourceTree = "<group>";
		};
		B239FDA71AE2072400948AFB /* PrivacyPhotos */ = {
			isa = PBXGroup;
			children = (
				C25F1A281AEE3EE000EB0D28 /* moreVC */,
				C233E24F1AEA496C008CA9DB /* settingPwdVC */,
				C24B783B1AE8C7F400A0799B /* PwdVC */,
				C21121A31AE7925B002FEBC3 /* SideVC */,
				B239FDFD1AE27B5D00948AFB /* PhotoListVC */,
				B239FDE21AE24E5F00948AFB /* MainVC */,
				B239FDC91AE20BAA00948AFB /* ThirdParty */,
				B239FDAC1AE2072400948AFB /* AppDelegate.h */,
				B239FDAD1AE2072400948AFB /* AppDelegate.m */,
				B239FDAF1AE2072400948AFB /* Images.xcassets */,
				B239FDB11AE2072400948AFB /* LaunchScreen.xib */,
				C25F1A261AEE2D5F00EB0D28 /* iconttt.png */,
				B239FDA81AE2072400948AFB /* Supporting Files */,
			);
			path = PrivacyPhotos;
			sourceTree = "<group>";
		};
		B239FDA81AE2072400948AFB /* Supporting Files */ = {
			isa = PBXGroup;
			children = (
				B239FDA91AE2072400948AFB /* Info.plist */,
				B239FDAA1AE2072400948AFB /* main.m */,
				B239FDC81AE2080100948AFB /* PrefixHeader.pch */,
			);
			name = "Supporting Files";
			sourceTree = "<group>";
		};
		B239FDBB1AE2072400948AFB /* PrivacyPhotosTests */ = {
			isa = PBXGroup;
			children = (
				B239FDBE1AE2072400948AFB /* PrivacyPhotosTests.m */,
				B239FDBC1AE2072400948AFB /* Supporting Files */,
			);
			path = PrivacyPhotosTests;
			sourceTree = "<group>";
		};
		B239FDBC1AE2072400948AFB /* Supporting Files */ = {
			isa = PBXGroup;
			children = (
				B239FDBD1AE2072400948AFB /* Info.plist */,
			);
			name = "Supporting Files";
			sourceTree = "<group>";
		};
		B239FDC91AE20BAA00948AFB /* ThirdParty */ = {
			isa = PBXGroup;
			children = (
				C233E22A1AEA3212008CA9DB /* LLLockView */,
				C24B782B1AE882AF00A0799B /* UCZProgressView */,
				C21121941AE78B47002FEBC3 /* RESideMenu */,
				B27ABAD51AE4B4B400FC70FF /* QBImagePickerController */,
				B239FDDB1AE22E3E00948AFB /* UIColor+AddColor.h */,
				B239FDDC1AE22E3E00948AFB /* UIColor+AddColor.m */,
				B27ABB091AE5408600FC70FF /* UIImage+ThumbImage.h */,
				B27ABB0A1AE5408600FC70FF /* UIImage+ThumbImage.m */,
			);
			path = ThirdParty;
			sourceTree = "<group>";
		};
		B239FDE21AE24E5F00948AFB /* MainVC */ = {
			isa = PBXGroup;
			children = (
				B239FDE31AE24E5F00948AFB /* images */,
				B239FDE81AE24E5F00948AFB /* Model */,
				B239FDE91AE24E5F00948AFB /* View */,
				B239FDEA1AE24E5F00948AFB /* Controller */,
			);
			path = MainVC;
			sourceTree = "<group>";
		};
		B239FDE31AE24E5F00948AFB /* images */ = {
			isa = PBXGroup;
			children = (
				B27ABB011AE4F00500FC70FF /* delete-circular.png */,
				C22532C81AE7DCB0003EA5D4 /* iconfont-fanhui.png */,
				B27ABAF91AE4DF3800FC70FF /* zhanwei.png */,
				B27ABAF51AE4D3C900FC70FF /* add.png */,
				B239FDF51AE273F800948AFB /* icon@2x.png */,
				B27ABAFD1AE4E7F700FC70FF /* bgimage.png */,
				B239FDE41AE24E5F00948AFB /* iconfont-lajiqingli.png */,
				B239FDE51AE24E5F00948AFB /* iconfont-shezhichilun.png */,
				B239FDE61AE24E5F00948AFB /* iconfont-yejian01.png */,
				B239FDE71AE24E5F00948AFB /* iconfont-yijianfankui.png */,
			);
			path = images;
			sourceTree = "<group>";
		};
		B239FDE81AE24E5F00948AFB /* Model */ = {
			isa = PBXGroup;
			children = (
			);
			path = Model;
			sourceTree = "<group>";
		};
		B239FDE91AE24E5F00948AFB /* View */ = {
			isa = PBXGroup;
			children = (
				B239FDF21AE24E8500948AFB /* MainCollectionViewCell.h */,
				B239FDF31AE24E8500948AFB /* MainCollectionViewCell.m */,
			);
			path = View;
			sourceTree = "<group>";
		};
		B239FDEA1AE24E5F00948AFB /* Controller */ = {
			isa = PBXGroup;
			children = (
				B239FDEB1AE24E5F00948AFB /* MainViewController.h */,
				B239FDEC1AE24E5F00948AFB /* MainViewController.m */,
			);
			name = Controller;
			path = ViewController;
			sourceTree = "<group>";
		};
		B239FDFD1AE27B5D00948AFB /* PhotoListVC */ = {
			isa = PBXGroup;
			children = (
				B239FDFE1AE27B5D00948AFB /* images */,
				B239FDFF1AE27B5D00948AFB /* Model */,
				B239FE001AE27B5D00948AFB /* View */,
				B239FE011AE27B5D00948AFB /* Controller */,
			);
			name = PhotoListVC;
			path = PhotoFileVC;
			sourceTree = "<group>";
		};
		B239FDFE1AE27B5D00948AFB /* images */ = {
			isa = PBXGroup;
			children = (
				C25F1A2C1AEE5E5200EB0D28 /* list_blank.png */,
				C24B78391AE88AE700A0799B /* iconfont-duihao.png */,
				C24B78331AE885F000A0799B /* iconfont-jiahao.png */,
				C24B78351AE8861600A0799B /* iconfont-jianhao.png */,
				C24B782F1AE8845300A0799B /* iconfont-plus.png */,
				C24B78311AE8845900A0799B /* iconfont-minus.png */,
			);
			path = images;
			sourceTree = "<group>";
		};
		B239FDFF1AE27B5D00948AFB /* Model */ = {
			isa = PBXGroup;
			children = (
			);
			path = Model;
			sourceTree = "<group>";
		};
		B239FE001AE27B5D00948AFB /* View */ = {
			isa = PBXGroup;
			children = (
				C250C4731AED0C54007A2EB7 /* VIPhotoView */,
				B239FE2E1AE28EE100948AFB /* PhotoCollectionViewCell.h */,
				B239FE2F1AE28EE100948AFB /* PhotoCollectionViewCell.m */,
				C21121911AE7801F002FEBC3 /* BigViewCollectionViewCell.h */,
				C21121921AE7801F002FEBC3 /* BigViewCollectionViewCell.m */,
			);
			path = View;
			sourceTree = "<group>";
		};
		B239FE011AE27B5D00948AFB /* Controller */ = {
			isa = PBXGroup;
			children = (
				B239FE021AE27E2F00948AFB /* PhotoListViewController.h */,
				B239FE031AE27E2F00948AFB /* PhotoListViewController.m */,
				B27ABAF21AE4CB1500FC70FF /* BigViewController.h */,
				B27ABAF31AE4CB1500FC70FF /* BigViewController.m */,
			);
			name = Controller;
			path = ViewController;
			sourceTree = "<group>";
		};
		B27ABAD51AE4B4B400FC70FF /* QBImagePickerController */ = {
			isa = PBXGroup;
			children = (
				B27ABAD61AE4B4B400FC70FF /* QBAssetCollectionViewController.h */,
				B27ABAD71AE4B4B400FC70FF /* QBAssetCollectionViewController.m */,
				B27ABAD81AE4B4B400FC70FF /* QBAssetCollectionViewControllerDelegate.h */,
				B27ABAD91AE4B4B400FC70FF /* QBImagePickerAssetCell.h */,
				B27ABADA1AE4B4B400FC70FF /* QBImagePickerAssetCell.m */,
				B27ABADB1AE4B4B400FC70FF /* QBImagePickerAssetCellDelegate.h */,
				B27ABADC1AE4B4B400FC70FF /* QBImagePickerAssetView.h */,
				B27ABADD1AE4B4B400FC70FF /* QBImagePickerAssetView.m */,
				B27ABADE1AE4B4B400FC70FF /* QBImagePickerAssetViewDelegate.h */,
				B27ABADF1AE4B4B400FC70FF /* QBImagePickerController.bundle */,
				B27ABAE01AE4B4B400FC70FF /* QBImagePickerController.h */,
				B27ABAE11AE4B4B400FC70FF /* QBImagePickerController.m */,
				B27ABAE21AE4B4B400FC70FF /* QBImagePickerFooterView.h */,
				B27ABAE31AE4B4B400FC70FF /* QBImagePickerFooterView.m */,
				B27ABAE41AE4B4B400FC70FF /* QBImagePickerGroupCell.h */,
				B27ABAE51AE4B4B400FC70FF /* QBImagePickerGroupCell.m */,
				B27ABAE61AE4B4B400FC70FF /* QBImagePickerVideoInfoView.h */,
				B27ABAE71AE4B4B400FC70FF /* QBImagePickerVideoInfoView.m */,
			);
			path = QBImagePickerController;
			sourceTree = "<group>";
		};
		C21121941AE78B47002FEBC3 /* RESideMenu */ = {
			isa = PBXGroup;
			children = (
				C21121A11AE78F28002FEBC3 /* Stars@2x.png */,
				C21121951AE78B47002FEBC3 /* RECommonFunctions.h */,
				C21121961AE78B47002FEBC3 /* RECommonFunctions.m */,
				C21121971AE78B47002FEBC3 /* RESideMenu.h */,
				C21121981AE78B47002FEBC3 /* RESideMenu.m */,
				C21121991AE78B47002FEBC3 /* UIViewController+RESideMenu.h */,
				C211219A1AE78B47002FEBC3 /* UIViewController+RESideMenu.m */,
			);
			path = RESideMenu;
			sourceTree = "<group>";
		};
		C21121A31AE7925B002FEBC3 /* SideVC */ = {
			isa = PBXGroup;
			children = (
				C24B78581AE910C300A0799B /* View */,
				C21121A41AE79278002FEBC3 /* LeftMenuViewController.h */,
				C21121A51AE79278002FEBC3 /* LeftMenuViewController.m */,
			);
			path = SideVC;
			sourceTree = "<group>";
		};
		C233E22A1AEA3212008CA9DB /* LLLockView */ = {
			isa = PBXGroup;
			children = (
				C233E23A1AEA3AF9008CA9DB /* LLLock */,
				C233E22B1AEA3212008CA9DB /* LLLockConfig.h */,
				C233E22C1AEA3212008CA9DB /* LLLockIndicator.h */,
				C233E22D1AEA3212008CA9DB /* LLLockIndicator.m */,
				C233E22E1AEA3212008CA9DB /* LLLockPassword.h */,
				C233E22F1AEA3212008CA9DB /* LLLockPassword.m */,
				C233E2301AEA3212008CA9DB /* LLLockView.h */,
				C233E2311AEA3212008CA9DB /* LLLockView.m */,
				C233E25C1AEA7DE2008CA9DB /* LLockViewController.h */,
				C233E25D1AEA7DE2008CA9DB /* LLockViewController.m */,
			);
			path = LLLockView;
			sourceTree = "<group>";
		};
		C233E23A1AEA3AF9008CA9DB /* LLLock */ = {
			isa = PBXGroup;
			children = (
				C233E23B1AEA3AF9008CA9DB /* circle_indecator.imageset */,
				C233E23E1AEA3AF9008CA9DB /* circle_normal.imageset */,
				C233E2411AEA3AF9008CA9DB /* circle_selected.imageset */,
				C233E2441AEA3AF9008CA9DB /* circle_wrong.imageset */,
			);
			path = LLLock;
			sourceTree = "<group>";
		};
		C233E23B1AEA3AF9008CA9DB /* circle_indecator.imageset */ = {
			isa = PBXGroup;
			children = (
				C233E23C1AEA3AF9008CA9DB /* circle_indecator.pdf */,
				C233E23D1AEA3AF9008CA9DB /* Contents.json */,
			);
			path = circle_indecator.imageset;
			sourceTree = "<group>";
		};
		C233E23E1AEA3AF9008CA9DB /* circle_normal.imageset */ = {
			isa = PBXGroup;
			children = (
				C233E23F1AEA3AF9008CA9DB /* circle_normal.pdf */,
				C233E2401AEA3AF9008CA9DB /* Contents.json */,
			);
			path = circle_normal.imageset;
			sourceTree = "<group>";
		};
		C233E2411AEA3AF9008CA9DB /* circle_selected.imageset */ = {
			isa = PBXGroup;
			children = (
				C233E2421AEA3AF9008CA9DB /* circle_selected.pdf */,
				C233E2431AEA3AF9008CA9DB /* Contents.json */,
			);
			path = circle_selected.imageset;
			sourceTree = "<group>";
		};
		C233E2441AEA3AF9008CA9DB /* circle_wrong.imageset */ = {
			isa = PBXGroup;
			children = (
				C233E2451AEA3AF9008CA9DB /* circle_wrong.pdf */,
				C233E2461AEA3AF9008CA9DB /* Contents.json */,
			);
			path = circle_wrong.imageset;
			sourceTree = "<group>";
		};
		C233E24F1AEA496C008CA9DB /* settingPwdVC */ = {
			isa = PBXGroup;
			children = (
				C2744B871AEB8EDC003DF2BD /* View */,
				C233E2501AEA49EA008CA9DB /* settingPwdViewController.h */,
				C233E2511AEA49EA008CA9DB /* settingPwdViewController.m */,
			);
			path = settingPwdVC;
			sourceTree = "<group>";
		};
		C24B782B1AE882AF00A0799B /* UCZProgressView */ = {
			isa = PBXGroup;
			children = (
				C24B782C1AE882AF00A0799B /* UCZProgressView.h */,
				C24B782D1AE882AF00A0799B /* UCZProgressView.m */,
			);
			path = UCZProgressView;
			sourceTree = "<group>";
		};
		C24B783B1AE8C7F400A0799B /* PwdVC */ = {
			isa = PBXGroup;
			children = (
				C24B784E1AE8E19900A0799B /* View */,
				C24B784C1AE8CD7E00A0799B /* wodehuodong.png */,
				C24B78481AE8CD7800A0799B /* drop.png */,
				C24B78491AE8CD7800A0799B /* drop_selected.png */,
				C24B783C1AE8C81800A0799B /* PwdViewController.h */,
				C24B783D1AE8C81800A0799B /* PwdViewController.m */,
				C24B78521AE8E3F300A0799B /* NumLockButton.h */,
				C24B78531AE8E3F300A0799B /* NumLockButton.m */,
				C24B78541AE8E3F300A0799B /* NumLockViewController.h */,
				C24B78551AE8E3F300A0799B /* NumLockViewController.m */,
			);
			name = PwdVC;
			path = PasswordVC;
			sourceTree = "<group>";
		};
		C24B784E1AE8E19900A0799B /* View */ = {
			isa = PBXGroup;
			children = (
				C24B784F1AE8E1A700A0799B /* PwdCollectionViewCell.h */,
				C24B78501AE8E1A700A0799B /* PwdCollectionViewCell.m */,
			);
			path = View;
			sourceTree = "<group>";
		};
		C24B78581AE910C300A0799B /* View */ = {
			isa = PBXGroup;
			children = (
				C24B78591AE910D500A0799B /* OnOffTableViewCell.h */,
				C24B785A1AE910D500A0799B /* OnOffTableViewCell.m */,
			);
			path = View;
			sourceTree = "<group>";
		};
		C250C4731AED0C54007A2EB7 /* VIPhotoView */ = {
			isa = PBXGroup;
			children = (
				C250C4741AED0C54007A2EB7 /* VIPhotoView.h */,
				C250C4751AED0C54007A2EB7 /* VIPhotoView.m */,
			);
			path = VIPhotoView;
			sourceTree = "<group>";
		};
		C25F1A281AEE3EE000EB0D28 /* moreVC */ = {
			isa = PBXGroup;
			children = (
				C25F1A2E1AEE6A3300EB0D28 /* MoreViewController.h */,
				C25F1A2F1AEE6A3300EB0D28 /* MoreViewController.m */,
				C25F1A311AEE6D3C00EB0D28 /* MoreTableViewCell.h */,
				C25F1A321AEE6D3C00EB0D28 /* MoreTableViewCell.m */,
			);
			name = moreVC;
			path = CalculatorVC;
			sourceTree = "<group>";
		};
		C2744B871AEB8EDC003DF2BD /* View */ = {
			isa = PBXGroup;
			children = (
			);
			path = View;
			sourceTree = "<group>";
		};
/* End PBXGroup section */

/* Begin PBXNativeTarget section */
		B239FDA41AE2072400948AFB /* PrivacyPhotos */ = {
			isa = PBXNativeTarget;
			buildConfigurationList = B239FDC21AE2072400948AFB /* Build configuration list for PBXNativeTarget "PrivacyPhotos" */;
			buildPhases = (
				B239FDA11AE2072400948AFB /* Sources */,
				B239FDA21AE2072400948AFB /* Frameworks */,
				B239FDA31AE2072400948AFB /* Resources */,
			);
			buildRules = (
			);
			dependencies = (
			);
			name = PrivacyPhotos;
			productName = PrivacyPhotos;
			productReference = B239FDA51AE2072400948AFB /* PrivacyPhotos.app */;
			productType = "com.apple.product-type.application";
		};
		B239FDB71AE2072400948AFB /* PrivacyPhotosTests */ = {
			isa = PBXNativeTarget;
			buildConfigurationList = B239FDC51AE2072400948AFB /* Build configuration list for PBXNativeTarget "PrivacyPhotosTests" */;
			buildPhases = (
				B239FDB51AE2072400948AFB /* Frameworks */,
				B239FDB61AE2072400948AFB /* Resources */,
				C233E1A41AEA2848008CA9DB /* Sources */,
			);
			buildRules = (
			);
			dependencies = (
				B239FDBA1AE2072400948AFB /* PBXTargetDependency */,
			);
			name = PrivacyPhotosTests;
			productName = PrivacyPhotosTests;
			productReference = B239FDB81AE2072400948AFB /* PrivacyPhotosTests.xctest */;
			productType = "com.apple.product-type.bundle.unit-test";
		};
/* End PBXNativeTarget section */

/* Begin PBXProject section */
		B239FD9D1AE2072400948AFB /* Project object */ = {
			isa = PBXProject;
			attributes = {
				LastUpgradeCheck = 0620;
				ORGANIZATIONNAME = lanou3g;
				TargetAttributes = {
					B239FDA41AE2072400948AFB = {
						CreatedOnToolsVersion = 6.2;
						DevelopmentTeam = DUH8DJ3JAU;
					};
					B239FDB71AE2072400948AFB = {
						CreatedOnToolsVersion = 6.2;
						TestTargetID = B239FDA41AE2072400948AFB;
					};
				};
			};
			buildConfigurationList = B239FDA01AE2072400948AFB /* Build configuration list for PBXProject "PrivacyPhotos" */;
			compatibilityVersion = "Xcode 3.2";
			developmentRegion = English;
			hasScannedForEncodings = 0;
			knownRegions = (
				en,
				Base,
			);
			mainGroup = B239FD9C1AE2072400948AFB;
			productRefGroup = B239FDA61AE2072400948AFB /* Products */;
			projectDirPath = "";
			projectRoot = "";
			targets = (
				B239FDA41AE2072400948AFB /* PrivacyPhotos */,
				B239FDB71AE2072400948AFB /* PrivacyPhotosTests */,
			);
		};
/* End PBXProject section */

/* Begin PBXResourcesBuildPhase section */
		B239FDA31AE2072400948AFB /* Resources */ = {
			isa = PBXResourcesBuildPhase;
			buildActionMask = 2147483647;
			files = (
				B27ABAFA1AE4DF3800FC70FF /* zhanwei.png in Resources */,
				C24B784B1AE8CD7800A0799B /* drop_selected.png in Resources */,
				B27ABAFE1AE4E7F700FC70FF /* bgimage.png in Resources */,
				C25F1A271AEE2D5F00EB0D28 /* iconttt.png in Resources */,
				C233E24E1AEA3AF9008CA9DB /* Contents.json in Resources */,
				C22532C91AE7DCB0003EA5D4 /* iconfont-fanhui.png in Resources */,
				C21121A21AE78F28002FEBC3 /* Stars@2x.png in Resources */,
				C233E24C1AEA3AF9008CA9DB /* Contents.json in Resources */,
				C233E24D1AEA3AF9008CA9DB /* circle_wrong.pdf in Resources */,
				B239FDF61AE273F800948AFB /* icon@2x.png in Resources */,
				B27ABAF61AE4D3C900FC70FF /* add.png in Resources */,
				C233E2491AEA3AF9008CA9DB /* circle_normal.pdf in Resources */,
				C233E2481AEA3AF9008CA9DB /* Contents.json in Resources */,
				B239FDB31AE2072400948AFB /* LaunchScreen.xib in Resources */,
				C25F1A2D1AEE5E5200EB0D28 /* list_blank.png in Resources */,
				B239FDB01AE2072400948AFB /* Images.xcassets in Resources */,
				C233E2471AEA3AF9008CA9DB /* circle_indecator.pdf in Resources */,
				B239FDED1AE24E5F00948AFB /* iconfont-lajiqingli.png in Resources */,
				C24B783A1AE88AE700A0799B /* iconfont-duihao.png in Resources */,
				B27ABB021AE4F00500FC70FF /* delete-circular.png in Resources */,
				C24B78341AE885F000A0799B /* iconfont-jiahao.png in Resources */,
				B239FDEF1AE24E5F00948AFB /* iconfont-yejian01.png in Resources */,
				C24B784D1AE8CD7E00A0799B /* wodehuodong.png in Resources */,
				C233E24B1AEA3AF9008CA9DB /* circle_selected.pdf in Resources */,
				C24B78361AE8861600A0799B /* iconfont-jianhao.png in Resources */,
				B27ABAEB1AE4B4B400FC70FF /* QBImagePickerController.bundle in Resources */,
				B239FDEE1AE24E5F00948AFB /* iconfont-shezhichilun.png in Resources */,
				C24B784A1AE8CD7800A0799B /* drop.png in Resources */,
				C24B78301AE8845300A0799B /* iconfont-plus.png in Resources */,
				C24B78321AE8845900A0799B /* iconfont-minus.png in Resources */,
				B239FDF01AE24E5F00948AFB /* iconfont-yijianfankui.png in Resources */,
				C233E24A1AEA3AF9008CA9DB /* Contents.json in Resources */,
			);
			runOnlyForDeploymentPostprocessing = 0;
		};
		B239FDB61AE2072400948AFB /* Resources */ = {
			isa = PBXResourcesBuildPhase;
			buildActionMask = 2147483647;
			files = (
			);
			runOnlyForDeploymentPostprocessing = 0;
		};
/* End PBXResourcesBuildPhase section */

/* Begin PBXSourcesBuildPhase section */
		B239FDA11AE2072400948AFB /* Sources */ = {
			isa = PBXSourcesBuildPhase;
			buildActionMask = 2147483647;
			files = (
				C24B78561AE8E3F300A0799B /* NumLockButton.m in Sources */,
				B27ABAEF1AE4B4B400FC70FF /* QBImagePickerVideoInfoView.m in Sources */,
				B239FDAE1AE2072400948AFB /* AppDelegate.m in Sources */,
				C233E2371AEA3212008CA9DB /* LLLockView.m in Sources */,
				B239FE301AE28EE100948AFB /* PhotoCollectionViewCell.m in Sources */,
				B27ABAEA1AE4B4B400FC70FF /* QBImagePickerAssetView.m in Sources */,
				C24B782E1AE882AF00A0799B /* UCZProgressView.m in Sources */,
				B239FDDD1AE22E3E00948AFB /* UIColor+AddColor.m in Sources */,
				C211219D1AE78B47002FEBC3 /* UIViewController+RESideMenu.m in Sources */,
				C25F1A301AEE6A3300EB0D28 /* MoreViewController.m in Sources */,
				B239FDF11AE24E5F00948AFB /* MainViewController.m in Sources */,
				B239FE041AE27E2F00948AFB /* PhotoListViewController.m in Sources */,
				C24B78571AE8E3F300A0799B /* NumLockViewController.m in Sources */,
				B239FDAB1AE2072400948AFB /* main.m in Sources */,
				B27ABB0B1AE5408600FC70FF /* UIImage+ThumbImage.m in Sources */,
				B27ABAED1AE4B4B400FC70FF /* QBImagePickerFooterView.m in Sources */,
				C24B783E1AE8C81800A0799B /* PwdViewController.m in Sources */,
				C21121A61AE79278002FEBC3 /* LeftMenuViewController.m in Sources */,
				C233E25E1AEA7DE2008CA9DB /* LLockViewController.m in Sources */,
				C24B785B1AE910D500A0799B /* OnOffTableViewCell.m in Sources */,
				C24B78511AE8E1A700A0799B /* PwdCollectionViewCell.m in Sources */,
				C211219B1AE78B47002FEBC3 /* RECommonFunctions.m in Sources */,
				C211219C1AE78B47002FEBC3 /* RESideMenu.m in Sources */,
				B27ABAEC1AE4B4B400FC70FF /* QBImagePickerController.m in Sources */,
				C21121931AE7801F002FEBC3 /* BigViewCollectionViewCell.m in Sources */,
				C233E2351AEA3212008CA9DB /* LLLockIndicator.m in Sources */,
				B27ABAEE1AE4B4B400FC70FF /* QBImagePickerGroupCell.m in Sources */,
				C25F1A331AEE6D3C00EB0D28 /* MoreTableViewCell.m in Sources */,
				B27ABAE91AE4B4B400FC70FF /* QBImagePickerAssetCell.m in Sources */,
				B239FDF41AE24E8500948AFB /* MainCollectionViewCell.m in Sources */,
				B27ABAE81AE4B4B400FC70FF /* QBAssetCollectionViewController.m in Sources */,
				C233E2521AEA49EA008CA9DB /* settingPwdViewController.m in Sources */,
				C250C4761AED0C54007A2EB7 /* VIPhotoView.m in Sources */,
				C233E2361AEA3212008CA9DB /* LLLockPassword.m in Sources */,
				B27ABAF41AE4CB1500FC70FF /* BigViewController.m in Sources */,
			);
			runOnlyForDeploymentPostprocessing = 0;
		};
		C233E1A41AEA2848008CA9DB /* Sources */ = {
			isa = PBXSourcesBuildPhase;
			buildActionMask = 2147483647;
			files = (
				C233E1C71AEA291C008CA9DB /* PrefixHeader.pch in Sources */,
				C233E1AB1AEA2899008CA9DB /* PwdViewController.m in Sources */,
				C233E1AC1AEA2899008CA9DB /* NumLockButton.m in Sources */,
				C233E1AD1AEA2899008CA9DB /* NumLockViewController.m in Sources */,
				C233E1AE1AEA2899008CA9DB /* OnOffTableViewCell.m in Sources */,
				C233E1AF1AEA2899008CA9DB /* LeftMenuViewController.m in Sources */,
				C233E1B01AEA2899008CA9DB /* PhotoCollectionViewCell.m in Sources */,
				C233E1B11AEA2899008CA9DB /* BigViewCollectionViewCell.m in Sources */,
				C233E1B21AEA2899008CA9DB /* MainCollectionViewCell.m in Sources */,
				C233E1B31AEA2899008CA9DB /* MainViewController.m in Sources */,
				C233E1B91AEA2899008CA9DB /* UCZProgressView.m in Sources */,
				C233E1BA1AEA2899008CA9DB /* RECommonFunctions.m in Sources */,
				C233E1BB1AEA2899008CA9DB /* RESideMenu.m in Sources */,
				C233E1BC1AEA2899008CA9DB /* UIViewController+RESideMenu.m in Sources */,
				C233E1BD1AEA2899008CA9DB /* QBAssetCollectionViewController.m in Sources */,
				C233E1BE1AEA2899008CA9DB /* QBImagePickerAssetCell.m in Sources */,
				C233E1BF1AEA2899008CA9DB /* QBImagePickerAssetView.m in Sources */,
				C233E1C01AEA2899008CA9DB /* QBImagePickerController.m in Sources */,
				C233E1C11AEA2899008CA9DB /* QBImagePickerFooterView.m in Sources */,
				C233E1C21AEA2899008CA9DB /* QBImagePickerGroupCell.m in Sources */,
				C233E1C31AEA2899008CA9DB /* QBImagePickerVideoInfoView.m in Sources */,
				C233E1C41AEA2899008CA9DB /* UIColor+AddColor.m in Sources */,
				C233E1C51AEA2899008CA9DB /* UIImage+ThumbImage.m in Sources */,
				C233E1C61AEA2899008CA9DB /* AppDelegate.m in Sources */,
			);
			runOnlyForDeploymentPostprocessing = 0;
		};
/* End PBXSourcesBuildPhase section */

/* Begin PBXTargetDependency section */
		B239FDBA1AE2072400948AFB /* PBXTargetDependency */ = {
			isa = PBXTargetDependency;
			target = B239FDA41AE2072400948AFB /* PrivacyPhotos */;
			targetProxy = B239FDB91AE2072400948AFB /* PBXContainerItemProxy */;
		};
/* End PBXTargetDependency section */

/* Begin PBXVariantGroup section */
		B239FDB11AE2072400948AFB /* LaunchScreen.xib */ = {
			isa = PBXVariantGroup;
			children = (
				B239FDB21AE2072400948AFB /* Base */,
			);
			name = LaunchScreen.xib;
			sourceTree = "<group>";
		};
/* End PBXVariantGroup section */

/* Begin XCBuildConfiguration section */
		B239FDC01AE2072400948AFB /* Debug */ = {
			isa = XCBuildConfiguration;
			buildSettings = {
				ALWAYS_SEARCH_USER_PATHS = NO;
				CLANG_CXX_LANGUAGE_STANDARD = "gnu++0x";
				CLANG_CXX_LIBRARY = "libc++";
				CLANG_ENABLE_MODULES = YES;
				CLANG_ENABLE_OBJC_ARC = YES;
				CLANG_WARN_BOOL_CONVERSION = YES;
				CLANG_WARN_CONSTANT_CONVERSION = YES;
				CLANG_WARN_DIRECT_OBJC_ISA_USAGE = YES_ERROR;
				CLANG_WARN_EMPTY_BODY = YES;
				CLANG_WARN_ENUM_CONVERSION = YES;
				CLANG_WARN_INT_CONVERSION = YES;
				CLANG_WARN_OBJC_ROOT_CLASS = YES_ERROR;
				CLANG_WARN_UNREACHABLE_CODE = YES;
				CLANG_WARN__DUPLICATE_METHOD_MATCH = YES;
				"CODE_SIGN_IDENTITY[sdk=iphoneos*]" = "iPhone Developer";
				COPY_PHASE_STRIP = NO;
				ENABLE_STRICT_OBJC_MSGSEND = YES;
				GCC_C_LANGUAGE_STANDARD = gnu99;
				GCC_DYNAMIC_NO_PIC = NO;
				GCC_OPTIMIZATION_LEVEL = 0;
				GCC_PREPROCESSOR_DEFINITIONS = (
					"DEBUG=1",
					"$(inherited)",
				);
				GCC_SYMBOLS_PRIVATE_EXTERN = NO;
				GCC_WARN_64_TO_32_BIT_CONVERSION = YES;
				GCC_WARN_ABOUT_RETURN_TYPE = YES_ERROR;
				GCC_WARN_UNDECLARED_SELECTOR = YES;
				GCC_WARN_UNINITIALIZED_AUTOS = YES_AGGRESSIVE;
				GCC_WARN_UNUSED_FUNCTION = YES;
				GCC_WARN_UNUSED_VARIABLE = YES;
				IPHONEOS_DEPLOYMENT_TARGET = 8.2;
				MTL_ENABLE_DEBUG_INFO = YES;
				ONLY_ACTIVE_ARCH = YES;
				SDKROOT = iphoneos;
			};
			name = Debug;
		};
		B239FDC11AE2072400948AFB /* Release */ = {
			isa = XCBuildConfiguration;
			buildSettings = {
				ALWAYS_SEARCH_USER_PATHS = NO;
				CLANG_CXX_LANGUAGE_STANDARD = "gnu++0x";
				CLANG_CXX_LIBRARY = "libc++";
				CLANG_ENABLE_MODULES = YES;
				CLANG_ENABLE_OBJC_ARC = YES;
				CLANG_WARN_BOOL_CONVERSION = YES;
				CLANG_WARN_CONSTANT_CONVERSION = YES;
				CLANG_WARN_DIRECT_OBJC_ISA_USAGE = YES_ERROR;
				CLANG_WARN_EMPTY_BODY = YES;
				CLANG_WARN_ENUM_CONVERSION = YES;
				CLANG_WARN_INT_CONVERSION = YES;
				CLANG_WARN_OBJC_ROOT_CLASS = YES_ERROR;
				CLANG_WARN_UNREACHABLE_CODE = YES;
				CLANG_WARN__DUPLICATE_METHOD_MATCH = YES;
				"CODE_SIGN_IDENTITY[sdk=iphoneos*]" = "iPhone Developer";
				COPY_PHASE_STRIP = NO;
				ENABLE_NS_ASSERTIONS = NO;
				ENABLE_STRICT_OBJC_MSGSEND = YES;
				GCC_C_LANGUAGE_STANDARD = gnu99;
				GCC_WARN_64_TO_32_BIT_CONVERSION = YES;
				GCC_WARN_ABOUT_RETURN_TYPE = YES_ERROR;
				GCC_WARN_UNDECLARED_SELECTOR = YES;
				GCC_WARN_UNINITIALIZED_AUTOS = YES_AGGRESSIVE;
				GCC_WARN_UNUSED_FUNCTION = YES;
				GCC_WARN_UNUSED_VARIABLE = YES;
				IPHONEOS_DEPLOYMENT_TARGET = 8.2;
				MTL_ENABLE_DEBUG_INFO = NO;
				SDKROOT = iphoneos;
				VALIDATE_PRODUCT = YES;
			};
			name = Release;
		};
		B239FDC31AE2072400948AFB /* Debug */ = {
			isa = XCBuildConfiguration;
			buildSettings = {
				ASSETCATALOG_COMPILER_APPICON_NAME = AppIcon;
				ASSETCATALOG_COMPILER_LAUNCHIMAGE_NAME = LaunchImage;
				CODE_SIGN_IDENTITY = "iPhone Developer: Wang YongJi (7DK44PNJXE)";
				"CODE_SIGN_IDENTITY[sdk=iphoneos*]" = "iPhone Developer: Wang YongJi (7DK44PNJXE)";
				GCC_PREFIX_HEADER = "$(SRCROOT)/PrivacyPhotos/PrefixHeader.pch";
				INFOPLIST_FILE = PrivacyPhotos/Info.plist;
				LD_RUNPATH_SEARCH_PATHS = "$(inherited) @executable_path/Frameworks";
				PRODUCT_NAME = "$(TARGET_NAME)";
				PROVISIONING_PROFILE = "";
			};
			name = Debug;
		};
		B239FDC41AE2072400948AFB /* Release */ = {
			isa = XCBuildConfiguration;
			buildSettings = {
				ASSETCATALOG_COMPILER_APPICON_NAME = AppIcon;
				ASSETCATALOG_COMPILER_LAUNCHIMAGE_NAME = LaunchImage;
				CODE_SIGN_IDENTITY = "iPhone Developer: Wang YongJi (7DK44PNJXE)";
				"CODE_SIGN_IDENTITY[sdk=iphoneos*]" = "iPhone Developer: Wang YongJi (7DK44PNJXE)";
				GCC_PREFIX_HEADER = "$(SRCROOT)/PrivacyPhotos/PrefixHeader.pch";
				INFOPLIST_FILE = PrivacyPhotos/Info.plist;
				LD_RUNPATH_SEARCH_PATHS = "$(inherited) @executable_path/Frameworks";
				PRODUCT_NAME = "$(TARGET_NAME)";
				PROVISIONING_PROFILE = "";
			};
			name = Release;
		};
		B239FDC61AE2072400948AFB /* Debug */ = {
			isa = XCBuildConfiguration;
			buildSettings = {
				BUNDLE_LOADER = "$(TEST_HOST)";
				CODE_SIGN_IDENTITY = "iPhone Developer";
				"CODE_SIGN_IDENTITY[sdk=iphoneos*]" = "iPhone Developer";
				FRAMEWORK_SEARCH_PATHS = (
					"$(SDKROOT)/Developer/Library/Frameworks",
					"$(inherited)",
				);
				GCC_PREFIX_HEADER = "$(SRCROOT)/PrivacyPhotos/PrefixHeader.pch";
				GCC_PREPROCESSOR_DEFINITIONS = (
					"DEBUG=1",
					"$(inherited)",
				);
				INFOPLIST_FILE = PrivacyPhotosTests/Info.plist;
				LD_RUNPATH_SEARCH_PATHS = "$(inherited) @executable_path/Frameworks @loader_path/Frameworks";
				PRODUCT_NAME = "$(TARGET_NAME)";
				TEST_HOST = "$(BUILT_PRODUCTS_DIR)/PrivacyPhotos.app/PrivacyPhotos";
			};
			name = Debug;
		};
		B239FDC71AE2072400948AFB /* Release */ = {
			isa = XCBuildConfiguration;
			buildSettings = {
				BUNDLE_LOADER = "$(TEST_HOST)";
				CODE_SIGN_IDENTITY = "iPhone Developer";
				"CODE_SIGN_IDENTITY[sdk=iphoneos*]" = "iPhone Developer";
				FRAMEWORK_SEARCH_PATHS = (
					"$(SDKROOT)/Developer/Library/Frameworks",
					"$(inherited)",
				);
				GCC_PREFIX_HEADER = "$(SRCROOT)/PrivacyPhotos/PrefixHeader.pch";
				INFOPLIST_FILE = PrivacyPhotosTests/Info.plist;
				LD_RUNPATH_SEARCH_PATHS = "$(inherited) @executable_path/Frameworks @loader_path/Frameworks";
				PRODUCT_NAME = "$(TARGET_NAME)";
				TEST_HOST = "$(BUILT_PRODUCTS_DIR)/PrivacyPhotos.app/PrivacyPhotos";
			};
			name = Release;
		};
/* End XCBuildConfiguration section */

/* Begin XCConfigurationList section */
		B239FDA01AE2072400948AFB /* Build configuration list for PBXProject "PrivacyPhotos" */ = {
			isa = XCConfigurationList;
			buildConfigurations = (
				B239FDC01AE2072400948AFB /* Debug */,
				B239FDC11AE2072400948AFB /* Release */,
			);
			defaultConfigurationIsVisible = 0;
			defaultConfigurationName = Release;
		};
		B239FDC21AE2072400948AFB /* Build configuration list for PBXNativeTarget "PrivacyPhotos" */ = {
			isa = XCConfigurationList;
			buildConfigurations = (
				B239FDC31AE2072400948AFB /* Debug */,
				B239FDC41AE2072400948AFB /* Release */,
			);
			defaultConfigurationIsVisible = 0;
			defaultConfigurationName = Release;
		};
		B239FDC51AE2072400948AFB /* Build configuration list for PBXNativeTarget "PrivacyPhotosTests" */ = {
			isa = XCConfigurationList;
			buildConfigurations = (
				B239FDC61AE2072400948AFB /* Debug */,
				B239FDC71AE2072400948AFB /* Release */,
			);
			defaultConfigurationIsVisible = 0;
			defaultConfigurationName = Release;
		};
/* End XCConfigurationList section */
	};
	rootObject = B239FD9D1AE2072400948AFB /* Project object */;
}
